
Microsoft Visual Studio Solution File, Format Version 12.00
# Visual Studio Version 16
VisualStudioVersion = 16.0.29123.88
MinimumVisualStudioVersion = 10.0.40219.1
Project("{FAE04EC0-301F-11D3-BF4B-00C04F79EFBC}") = "SetupTool", "SetupTool\SetupTool.csproj", "{D29E40DB-1F50-4AE2-95BC-904294809DCC}"
EndProject
Global
	GlobalSection(SolutionConfigurationPlatforms) = preSolution
		Debug|Any CPU = Debug|Any CPU
		Release|Any CPU = Release|Any CPU
	EndGlobalSection
	GlobalSection(ProjectConfigurationPlatforms) = postSolution
		{D29E40DB-1F50-4AE2-95BC-904294809DCC}.Debug|Any CPU.ActiveCfg = Debug|Any CPU
		{D29E40DB-1F50-4AE2-95BC-904294809DCC}.Debug|Any CPU.Build.0 = Debug|Any CPU
		{D29E40DB-1F50-4AE2-95BC-904294809DCC}.Release|Any CPU.ActiveCfg = Release|Any CPU
		{D29E40DB-1F50-4AE2-95BC-904294809DCC}.Release|Any CPU.Build.0 = Release|Any CPU
	EndGlobalSection
	GlobalSection(SolutionProperties) = preSolution
		HideSolutionNode = FALSE
	EndGlobalSection
	GlobalSection(ExtensibilityGlobals) = postSolution
		SolutionGuid = {7192E20D-2C57-4719-8EA3-26D576FB2FC6}
	EndGlobalSection
EndGlobal
